
Microsoft Visual Studio Solution File, Format Version 12.00
# Visual Studio Version 17
VisualStudioVersion = 17.0.32014.148
MinimumVisualStudioVersion = 10.0.40219.1
Project("{FAE04EC0-301F-11D3-BF4B-00C04F79EFBC}") = "GraphPsConverter.Web", "GraphPsConverter.Web\GraphPsConverter.Web.csproj", "{86E3207A-0947-49FF-B31F-6804E23ED351}"
EndProject
Project("{FAE04EC0-301F-11D3-BF4B-00C04F79EFBC}") = "GraphPsConverter.Core", "GraphPsConverter.Core\GraphPsConverter.Core.csproj", "{30C89CB2-BF82-4DA3-8DF8-D93654764765}"
EndProject
Global
	GlobalSection(SolutionConfigurationPlatforms) = preSolution
		Debug|Any CPU = Debug|Any CPU
		Release|Any CPU = Release|Any CPU
	EndGlobalSection
	GlobalSection(ProjectConfigurationPlatforms) = postSolution
		{86E3207A-0947-49FF-B31F-6804E23ED351}.Debug|Any CPU.ActiveCfg = Debug|Any CPU
		{86E3207A-0947-49FF-B31F-6804E23ED351}.Debug|Any CPU.Build.0 = Debug|Any CPU
		{86E3207A-0947-49FF-B31F-6804E23ED351}.Release|Any CPU.ActiveCfg = Release|Any CPU
		{86E3207A-0947-49FF-B31F-6804E23ED351}.Release|Any CPU.Build.0 = Release|Any CPU
		{30C89CB2-BF82-4DA3-8DF8-D93654764765}.Debug|Any CPU.ActiveCfg = Debug|Any CPU
		{30C89CB2-BF82-4DA3-8DF8-D93654764765}.Debug|Any CPU.Build.0 = Debug|Any CPU
		{30C89CB2-BF82-4DA3-8DF8-D93654764765}.Release|Any CPU.ActiveCfg = Release|Any CPU
		{30C89CB2-BF82-4DA3-8DF8-D93654764765}.Release|Any CPU.Build.0 = Release|Any CPU
	EndGlobalSection
	GlobalSection(SolutionProperties) = preSolution
		HideSolutionNode = FALSE
	EndGlobalSection
	GlobalSection(ExtensibilityGlobals) = postSolution
		SolutionGuid = {9D33AF91-5AD7-47B0-8353-4B3C84B04A86}
	EndGlobalSection
EndGlobal
