
Microsoft Visual Studio Solution File, Format Version 12.00
# Visual Studio Version 17
VisualStudioVersion = 17.0.32014.148
MinimumVisualStudioVersion = 10.0.40219.1
Project("{9A19103F-16F7-4668-BE54-9A1E7A4F7556}") = "GraphPsConverter.Core", "GraphPsConverter.Core\GraphPsConverter.Core.csproj", "{30C89CB2-BF82-4DA3-8DF8-D93654764765}"
EndProject
Project("{FAE04EC0-301F-11D3-BF4B-00C04F79EFBC}") = "GraphPsConverter.Web", "GraphPsConverter.Web\GraphPsConverter.Web.csproj", "{E7A821E6-1F7C-4357-A1AF-C2EB7EAF2CD9}"
EndProject
Project("{FAE04EC0-301F-11D3-BF4B-00C04F79EFBC}") = "GraphPsConverter.Tests", "GraphPsConverter.Tests\GraphPsConverter.Tests.csproj", "{C118BD2D-8BC8-4F30-A5BC-0C2CFCC0C5F2}"
EndProject
Global
	GlobalSection(SolutionConfigurationPlatforms) = preSolution
		Debug|Any CPU = Debug|Any CPU
		Release|Any CPU = Release|Any CPU
	EndGlobalSection
	GlobalSection(ProjectConfigurationPlatforms) = postSolution
		{30C89CB2-BF82-4DA3-8DF8-D93654764765}.Debug|Any CPU.ActiveCfg = Debug|Any CPU
		{30C89CB2-BF82-4DA3-8DF8-D93654764765}.Debug|Any CPU.Build.0 = Debug|Any CPU
		{30C89CB2-BF82-4DA3-8DF8-D93654764765}.Release|Any CPU.ActiveCfg = Release|Any CPU
		{30C89CB2-BF82-4DA3-8DF8-D93654764765}.Release|Any CPU.Build.0 = Release|Any CPU
		{E7A821E6-1F7C-4357-A1AF-C2EB7EAF2CD9}.Debug|Any CPU.ActiveCfg = Debug|Any CPU
		{E7A821E6-1F7C-4357-A1AF-C2EB7EAF2CD9}.Debug|Any CPU.Build.0 = Debug|Any CPU
		{E7A821E6-1F7C-4357-A1AF-C2EB7EAF2CD9}.Release|Any CPU.ActiveCfg = Release|Any CPU
		{E7A821E6-1F7C-4357-A1AF-C2EB7EAF2CD9}.Release|Any CPU.Build.0 = Release|Any CPU
		{C118BD2D-8BC8-4F30-A5BC-0C2CFCC0C5F2}.Debug|Any CPU.ActiveCfg = Debug|Any CPU
		{C118BD2D-8BC8-4F30-A5BC-0C2CFCC0C5F2}.Debug|Any CPU.Build.0 = Debug|Any CPU
		{C118BD2D-8BC8-4F30-A5BC-0C2CFCC0C5F2}.Release|Any CPU.ActiveCfg = Release|Any CPU
		{C118BD2D-8BC8-4F30-A5BC-0C2CFCC0C5F2}.Release|Any CPU.Build.0 = Release|Any CPU
	EndGlobalSection
	GlobalSection(SolutionProperties) = preSolution
		HideSolutionNode = FALSE
	EndGlobalSection
	GlobalSection(ExtensibilityGlobals) = postSolution
		SolutionGuid = {9D33AF91-5AD7-47B0-8353-4B3C84B04A86}
	EndGlobalSection
EndGlobal
